
Microsoft Visual Studio Solution File, Format Version 12.00
# Visual Studio 15
VisualStudioVersion = 15.0.28307.168
MinimumVisualStudioVersion = 10.0.40219.1
Project("{9A19103F-16F7-4668-BE54-9A1E7A4F7556}") = "HairDo", "HairDo.csproj", "{A3628B04-CB84-491C-8BB2-93711E1616D4}"
EndProject
Global
	GlobalSection(SolutionConfigurationPlatforms) = preSolution
		Debug|Any CPU = Debug|Any CPU
		Release|Any CPU = Release|Any CPU
	EndGlobalSection
	GlobalSection(ProjectConfigurationPlatforms) = postSolution
		{A3628B04-CB84-491C-8BB2-93711E1616D4}.Debug|Any CPU.ActiveCfg = Debug|Any CPU
		{A3628B04-CB84-491C-8BB2-93711E1616D4}.Debug|Any CPU.Build.0 = Debug|Any CPU
		{A3628B04-CB84-491C-8BB2-93711E1616D4}.Release|Any CPU.ActiveCfg = Release|Any CPU
		{A3628B04-CB84-491C-8BB2-93711E1616D4}.Release|Any CPU.Build.0 = Release|Any CPU
	EndGlobalSection
	GlobalSection(SolutionProperties) = preSolution
		HideSolutionNode = FALSE
	EndGlobalSection
	GlobalSection(ExtensibilityGlobals) = postSolution
		SolutionGuid = {AA9800DE-6415-402A-B6C6-4931A8CC069E}
	EndGlobalSection
EndGlobal
